
Microsoft Visual Studio Solution File, Format Version 12.00
# Visual Studio Version 17
VisualStudioVersion = 17.4.33205.214
MinimumVisualStudioVersion = 10.0.40219.1
Project("{FAE04EC0-301F-11D3-BF4B-00C04F79EFBC}") = "Twileloop.EPub", "Twileloop.EPub\Twileloop.EPub.csproj", "{9CA3A908-0DED-4A45-99CC-38ED437572B7}"
EndProject
Project("{2150E333-8FDC-42A3-9474-1A3956D46DE8}") = "Sections", "Sections", "{CC086AEB-C141-4739-9C6F-E6181CD9A62D}"
	ProjectSection(SolutionItems) = preProject
		Doc\Sections\sectionA.rst = Doc\Sections\sectionA.rst
		Doc\Sections\sectionB.rst = Doc\Sections\sectionB.rst
		Doc\Sections\sectionC.rst = Doc\Sections\sectionC.rst
	EndProjectSection
EndProject
Project("{2150E333-8FDC-42A3-9474-1A3956D46DE8}") = "Doc", "Doc", "{0B9660A2-B87F-4370-A871-BE5708F12415}"
	ProjectSection(SolutionItems) = preProject
		Doc\conf.py = Doc\conf.py
		Doc\index.rst = Doc\index.rst
	EndProjectSection
EndProject
Global
	GlobalSection(SolutionConfigurationPlatforms) = preSolution
		Debug|Any CPU = Debug|Any CPU
		Release|Any CPU = Release|Any CPU
	EndGlobalSection
	GlobalSection(ProjectConfigurationPlatforms) = postSolution
		{9CA3A908-0DED-4A45-99CC-38ED437572B7}.Debug|Any CPU.ActiveCfg = Debug|Any CPU
		{9CA3A908-0DED-4A45-99CC-38ED437572B7}.Debug|Any CPU.Build.0 = Debug|Any CPU
		{9CA3A908-0DED-4A45-99CC-38ED437572B7}.Release|Any CPU.ActiveCfg = Release|Any CPU
		{9CA3A908-0DED-4A45-99CC-38ED437572B7}.Release|Any CPU.Build.0 = Release|Any CPU
	EndGlobalSection
	GlobalSection(SolutionProperties) = preSolution
		HideSolutionNode = FALSE
	EndGlobalSection
	GlobalSection(NestedProjects) = preSolution
		{CC086AEB-C141-4739-9C6F-E6181CD9A62D} = {0B9660A2-B87F-4370-A871-BE5708F12415}
	EndGlobalSection
	GlobalSection(ExtensibilityGlobals) = postSolution
		SolutionGuid = {9DF3EC62-0DA5-44C5-8B41-5D345934C131}
	EndGlobalSection
EndGlobal
